
Microsoft Visual Studio Solution File, Format Version 12.00
# Visual Studio Version 17
VisualStudioVersion = 17.13.35931.197 d17.13
MinimumVisualStudioVersion = 10.0.40219.1
Project("{FAE04EC0-301F-11D3-BF4B-00C04F79EFBC}") = "ProductsApp", "ChatApp\ProductsApp.csproj", "{8F86E79A-F7D9-4D44-B93C-D8CBB5310235}"
EndProject
Global
	GlobalSection(SolutionConfigurationPlatforms) = preSolution
		Debug|Any CPU = Debug|Any CPU
		Release|Any CPU = Release|Any CPU
	EndGlobalSection
	GlobalSection(ProjectConfigurationPlatforms) = postSolution
		{8F86E79A-F7D9-4D44-B93C-D8CBB5310235}.Debug|Any CPU.ActiveCfg = Debug|Any CPU
		{8F86E79A-F7D9-4D44-B93C-D8CBB5310235}.Debug|Any CPU.Build.0 = Debug|Any CPU
		{8F86E79A-F7D9-4D44-B93C-D8CBB5310235}.Release|Any CPU.ActiveCfg = Release|Any CPU
		{8F86E79A-F7D9-4D44-B93C-D8CBB5310235}.Release|Any CPU.Build.0 = Release|Any CPU
	EndGlobalSection
	GlobalSection(SolutionProperties) = preSolution
		HideSolutionNode = FALSE
	EndGlobalSection
	GlobalSection(ExtensibilityGlobals) = postSolution
		SolutionGuid = {77C20A22-912D-4BAC-B470-8C5D9F5F6D8F}
	EndGlobalSection
EndGlobal
